// !$*UTF8*$!
{
	archiveVersion = 1;
	classes = {
	};
	objectVersion = 46;
	objects = {

/* Begin PBXBuildFile section */
		9E64CE291EDBF9DE00A41B3E /* AppDelegate.swift in Sources */ = {isa = PBXBuildFile; fileRef = 9E64CE281EDBF9DE00A41B3E /* AppDelegate.swift */; };
		9E64CE2E1EDBF9DE00A41B3E /* Main.storyboard in Resources */ = {isa = PBXBuildFile; fileRef = 9E64CE2C1EDBF9DE00A41B3E /* Main.storyboard */; };
		9E64CE301EDBF9DE00A41B3E /* Assets.xcassets in Resources */ = {isa = PBXBuildFile; fileRef = 9E64CE2F1EDBF9DE00A41B3E /* Assets.xcassets */; };
		9E64CE331EDBF9DE00A41B3E /* LaunchScreen.storyboard in Resources */ = {isa = PBXBuildFile; fileRef = 9E64CE311EDBF9DE00A41B3E /* LaunchScreen.storyboard */; };
		9E64CE3B1EDBFA1900A41B3E /* Weather.swift in Sources */ = {isa = PBXBuildFile; fileRef = 9E64CE3A1EDBFA1900A41B3E /* Weather.swift */; };
		9E64CE3D1EDC20AE00A41B3E /* WeatherTableViewController.swift in Sources */ = {isa = PBXBuildFile; fileRef = 9E64CE3C1EDC20AE00A41B3E /* WeatherTableViewController.swift */; };
/* End PBXBuildFile section */

/* Begin PBXFileReference section */
		9E64CE251EDBF9DE00A41B3E /* testJSON.app */ = {isa = PBXFileReference; explicitFileType = wrapper.application; includeInIndex = 0; path = testJSON.app; sourceTree = BUILT_PRODUCTS_DIR; };
		9E64CE281EDBF9DE00A41B3E /* AppDelegate.swift */ = {isa = PBXFileReference; lastKnownFileType = sourcecode.swift; path = AppDelegate.swift; sourceTree = "<group>"; };
		9E64CE2D1EDBF9DE00A41B3E /* Base */ = {isa = PBXFileReference; lastKnownFileType = file.storyboard; name = Base; path = Base.lproj/Main.storyboard; sourceTree = "<group>"; };
		9E64CE2F1EDBF9DE00A41B3E /* Assets.xcassets */ = {isa = PBXFileReference; lastKnownFileType = folder.assetcatalog; path = Assets.xcassets; sourceTree = "<group>"; };
		9E64CE321EDBF9DE00A41B3E /* Base */ = {isa = PBXFileReference; lastKnownFileType = file.storyboard; name = Base; path = Base.lproj/LaunchScreen.storyboard; sourceTree = "<group>"; };
		9E64CE341EDBF9DE00A41B3E /* Info.plist */ = {isa = PBXFileReference; lastKnownFileType = text.plist.xml; path = Info.plist; sourceTree = "<group>"; };
		9E64CE3A1EDBFA1900A41B3E /* Weather.swift */ = {isa = PBXFileReference; fileEncoding = 4; lastKnownFileType = sourcecode.swift; path = Weather.swift; sourceTree = "<group>"; };
		9E64CE3C1EDC20AE00A41B3E /* WeatherTableViewController.swift */ = {isa = PBXFileReference; fileEncoding = 4; lastKnownFileType = sourcecode.swift; name = WeatherTableViewController.swift; path = ../WeatherTableViewController.swift; sourceTree = "<group>"; };
/* End PBXFileReference section */

/* Begin PBXFrameworksBuildPhase section */
		9E64CE221EDBF9DE00A41B3E /* Frameworks */ = {
			isa = PBXFrameworksBuildPhase;
			buildActionMask = 2147483647;
			files = (
			);
			runOnlyForDeploymentPostprocessing = 0;
		};
/* End PBXFrameworksBuildPhase section */

/* Begin PBXGroup section */
		9E64CE1C1EDBF9DE00A41B3E = {
			isa = PBXGroup;
			children = (
				9E64CE271EDBF9DE00A41B3E /* testJSON */,
				9E64CE261EDBF9DE00A41B3E /* Products */,
			);
			sourceTree = "<group>";
		};
		9E64CE261EDBF9DE00A41B3E /* Products */ = {
			isa = PBXGroup;
			children = (
				9E64CE251EDBF9DE00A41B3E /* testJSON.app */,
			);
			name = Products;
			sourceTree = "<group>";
		};
		9E64CE271EDBF9DE00A41B3E /* testJSON */ = {
			isa = PBXGroup;
			children = (
				9E64CE281EDBF9DE00A41B3E /* AppDelegate.swift */,
				9E64CE3A1EDBFA1900A41B3E /* Weather.swift */,
				9E64CE3C1EDC20AE00A41B3E /* WeatherTableViewController.swift */,
				9E64CE2C1EDBF9DE00A41B3E /* Main.storyboard */,
				9E64CE2F1EDBF9DE00A41B3E /* Assets.xcassets */,
				9E64CE311EDBF9DE00A41B3E /* LaunchScreen.storyboard */,
				9E64CE341EDBF9DE00A41B3E /* Info.plist */,
			);
			path = testJSON;
			sourceTree = "<group>";
		};
/* End PBXGroup section */

/* Begin PBXNativeTarget section */
		9E64CE241EDBF9DE00A41B3E /* testJSON */ = {
			isa = PBXNativeTarget;
			buildConfigurationList = 9E64CE371EDBF9DE00A41B3E /* Build configuration list for PBXNativeTarget "testJSON" */;
			buildPhases = (
				9E64CE211EDBF9DE00A41B3E /* Sources */,
				9E64CE221EDBF9DE00A41B3E /* Frameworks */,
				9E64CE231EDBF9DE00A41B3E /* Resources */,
			);
			buildRules = (
			);
			dependencies = (
			);
			name = testJSON;
			productName = testJSON;
			productReference = 9E64CE251EDBF9DE00A41B3E /* testJSON.app */;
			productType = "com.apple.product-type.application";
		};
/* End PBXNativeTarget section */

/* Begin PBXProject section */
		9E64CE1D1EDBF9DE00A41B3E /* Project object */ = {
			isa = PBXProject;
			attributes = {
				LastSwiftUpdateCheck = 0830;
				LastUpgradeCheck = 0830;
				ORGANIZATIONNAME = YuraPetrov;
				TargetAttributes = {
					9E64CE241EDBF9DE00A41B3E = {
						CreatedOnToolsVersion = 8.3;
						DevelopmentTeam = K52TYY8BB2;
						ProvisioningStyle = Automatic;
					};
				};
			};
			buildConfigurationList = 9E64CE201EDBF9DE00A41B3E /* Build configuration list for PBXProject "testJSON" */;
			compatibilityVersion = "Xcode 3.2";
			developmentRegion = English;
			hasScannedForEncodings = 0;
			knownRegions = (
				en,
				Base,
			);
			mainGroup = 9E64CE1C1EDBF9DE00A41B3E;
			productRefGroup = 9E64CE261EDBF9DE00A41B3E /* Products */;
			projectDirPath = "";
			projectRoot = "";
			targets = (
				9E64CE241EDBF9DE00A41B3E /* testJSON */,
			);
		};
/* End PBXProject section */

/* Begin PBXResourcesBuildPhase section */
		9E64CE231EDBF9DE00A41B3E /* Resources */ = {
			isa = PBXResourcesBuildPhase;
			buildActionMask = 2147483647;
			files = (
				9E64CE331EDBF9DE00A41B3E /* LaunchScreen.storyboard in Resources */,
				9E64CE301EDBF9DE00A41B3E /* Assets.xcassets in Resources */,
				9E64CE2E1EDBF9DE00A41B3E /* Main.storyboard in Resources */,
			);
			runOnlyForDeploymentPostprocessing = 0;
		};
/* End PBXResourcesBuildPhase section */

/* Begin PBXSourcesBuildPhase section */
		9E64CE211EDBF9DE00A41B3E /* Sources */ = {
			isa = PBXSourcesBuildPhase;
			buildActionMask = 2147483647;
			files = (
				9E64CE3B1EDBFA1900A41B3E /* Weather.swift in Sources */,
				9E64CE3D1EDC20AE00A41B3E /* WeatherTableViewController.swift in Sources */,
				9E64CE291EDBF9DE00A41B3E /* AppDelegate.swift in Sources */,
			);
			runOnlyForDeploymentPostprocessing = 0;
		};
/* End PBXSourcesBuildPhase section */

/* Begin PBXVariantGroup section */
		9E64CE2C1EDBF9DE00A41B3E /* Main.storyboard */ = {
			isa = PBXVariantGroup;
			children = (
				9E64CE2D1EDBF9DE00A41B3E /* Base */,
			);
			name = Main.storyboard;
			sourceTree = "<group>";
		};
		9E64CE311EDBF9DE00A41B3E /* LaunchScreen.storyboard */ = {
			isa = PBXVariantGroup;
			children = (
				9E64CE321EDBF9DE00A41B3E /* Base */,
			);
			name = LaunchScreen.storyboard;
			sourceTree = "<group>";
		};
/* End PBXVariantGroup section */

/* Begin XCBuildConfiguration section */
		9E64CE351EDBF9DE00A41B3E /* Debug */ = {
			isa = XCBuildConfiguration;
			buildSettings = {
				ALWAYS_SEARCH_USER_PATHS = NO;
				CLANG_ANALYZER_NONNULL = YES;
				CLANG_ANALYZER_NUMBER_OBJECT_CONVERSION = YES_AGGRESSIVE;
				CLANG_CXX_LANGUAGE_STANDARD = "gnu++0x";
				CLANG_CXX_LIBRARY = "libc++";
				CLANG_ENABLE_MODULES = YES;
				CLANG_ENABLE_OBJC_ARC = YES;
				CLANG_WARN_BOOL_CONVERSION = YES;
				CLANG_WARN_CONSTANT_CONVERSION = YES;
				CLANG_WARN_DIRECT_OBJC_ISA_USAGE = YES_ERROR;
				CLANG_WARN_DOCUMENTATION_COMMENTS = YES;
				CLANG_WARN_EMPTY_BODY = YES;
				CLANG_WARN_ENUM_CONVERSION = YES;
				CLANG_WARN_INFINITE_RECURSION = YES;
				CLANG_WARN_INT_CONVERSION = YES;
				CLANG_WARN_OBJC_ROOT_CLASS = YES_ERROR;
				CLANG_WARN_SUSPICIOUS_MOVE = YES;
				CLANG_WARN_UNREACHABLE_CODE = YES;
				CLANG_WARN__DUPLICATE_METHOD_MATCH = YES;
				"CODE_SIGN_IDENTITY[sdk=iphoneos*]" = "iPhone Developer";
				COPY_PHASE_STRIP = NO;
				DEBUG_INFORMATION_FORMAT = dwarf;
				ENABLE_STRICT_OBJC_MSGSEND = YES;
				ENABLE_TESTABILITY = YES;
				GCC_C_LANGUAGE_STANDARD = gnu99;
				GCC_DYNAMIC_NO_PIC = NO;
				GCC_NO_COMMON_BLOCKS = YES;
				GCC_OPTIMIZATION_LEVEL = 0;
				GCC_PREPROCESSOR_DEFINITIONS = (
					"DEBUG=1",
					"$(inherited)",
				);
				GCC_WARN_64_TO_32_BIT_CONVERSION = YES;
				GCC_WARN_ABOUT_RETURN_TYPE = YES_ERROR;
				GCC_WARN_UNDECLARED_SELECTOR = YES;
				GCC_WARN_UNINITIALIZED_AUTOS = YES_AGGRESSIVE;
				GCC_WARN_UNUSED_FUNCTION = YES;
				GCC_WARN_UNUSED_VARIABLE = YES;
				IPHONEOS_DEPLOYMENT_TARGET = 10.3;
				MTL_ENABLE_DEBUG_INFO = YES;
				ONLY_ACTIVE_ARCH = YES;
				SDKROOT = iphoneos;
				SWIFT_ACTIVE_COMPILATION_CONDITIONS = DEBUG;
				SWIFT_OPTIMIZATION_LEVEL = "-Onone";
			};
			name = Debug;
		};
		9E64CE361EDBF9DE00A41B3E /* Release */ = {
			isa = XCBuildConfiguration;
			buildSettings = {
				ALWAYS_SEARCH_USER_PATHS = NO;
				CLANG_ANALYZER_NONNULL = YES;
				CLANG_ANALYZER_NUMBER_OBJECT_CONVERSION = YES_AGGRESSIVE;
				CLANG_CXX_LANGUAGE_STANDARD = "gnu++0x";
				CLANG_CXX_LIBRARY = "libc++";
				CLANG_ENABLE_MODULES = YES;
				CLANG_ENABLE_OBJC_ARC = YES;
				CLANG_WARN_BOOL_CONVERSION = YES;
				CLANG_WARN_CONSTANT_CONVERSION = YES;
				CLANG_WARN_DIRECT_OBJC_ISA_USAGE = YES_ERROR;
				CLANG_WARN_DOCUMENTATION_COMMENTS = YES;
				CLANG_WARN_EMPTY_BODY = YES;
				CLANG_WARN_ENUM_CONVERSION = YES;
				CLANG_WARN_INFINITE_RECURSION = YES;
				CLANG_WARN_INT_CONVERSION = YES;
				CLANG_WARN_OBJC_ROOT_CLASS = YES_ERROR;
				CLANG_WARN_SUSPICIOUS_MOVE = YES;
				CLANG_WARN_UNREACHABLE_CODE = YES;
				CLANG_WARN__DUPLICATE_METHOD_MATCH = YES;
				"CODE_SIGN_IDENTITY[sdk=iphoneos*]" = "iPhone Developer";
				COPY_PHASE_STRIP = NO;
				DEBUG_INFORMATION_FORMAT = "dwarf-with-dsym";
				ENABLE_NS_ASSERTIONS = NO;
				ENABLE_STRICT_OBJC_MSGSEND = YES;
				GCC_C_LANGUAGE_STANDARD = gnu99;
				GCC_NO_COMMON_BLOCKS = YES;
				GCC_WARN_64_TO_32_BIT_CONVERSION = YES;
				GCC_WARN_ABOUT_RETURN_TYPE = YES_ERROR;
				GCC_WARN_UNDECLARED_SELECTOR = YES;
				GCC_WARN_UNINITIALIZED_AUTOS = YES_AGGRESSIVE;
				GCC_WARN_UNUSED_FUNCTION = YES;
				GCC_WARN_UNUSED_VARIABLE = YES;
				IPHONEOS_DEPLOYMENT_TARGET = 10.3;
				MTL_ENABLE_DEBUG_INFO = NO;
				SDKROOT = iphoneos;
				SWIFT_OPTIMIZATION_LEVEL = "-Owholemodule";
				VALIDATE_PRODUCT = YES;
			};
			name = Release;
		};
		9E64CE381EDBF9DE00A41B3E /* Debug */ = {
			isa = XCBuildConfiguration;
			buildSettings = {
				ASSETCATALOG_COMPILER_APPICON_NAME = AppIcon;
				DEVELOPMENT_TEAM = K52TYY8BB2;
				INFOPLIST_FILE = testJSON/Info.plist;
				IPHONEOS_DEPLOYMENT_TARGET = 10.3;
				LD_RUNPATH_SEARCH_PATHS = "$(inherited) @executable_path/Frameworks";
				PRODUCT_BUNDLE_IDENTIFIER = mbt.testJSON;
				PRODUCT_NAME = "$(TARGET_NAME)";
				SWIFT_VERSION = 3.0;
			};
			name = Debug;
		};
		9E64CE391EDBF9DE00A41B3E /* Release */ = {
			isa = XCBuildConfiguration;
			buildSettings = {
				ASSETCATALOG_COMPILER_APPICON_NAME = AppIcon;
				DEVELOPMENT_TEAM = K52TYY8BB2;
				INFOPLIST_FILE = testJSON/Info.plist;
				IPHONEOS_DEPLOYMENT_TARGET = 10.3;
				LD_RUNPATH_SEARCH_PATHS = "$(inherited) @executable_path/Frameworks";
				PRODUCT_BUNDLE_IDENTIFIER = mbt.testJSON;
				PRODUCT_NAME = "$(TARGET_NAME)";
				SWIFT_VERSION = 3.0;
			};
			name = Release;
		};
/* End XCBuildConfiguration section */

/* Begin XCConfigurationList section */
		9E64CE201EDBF9DE00A41B3E /* Build configuration list for PBXProject "testJSON" */ = {
			isa = XCConfigurationList;
			buildConfigurations = (
				9E64CE351EDBF9DE00A41B3E /* Debug */,
				9E64CE361EDBF9DE00A41B3E /* Release */,
			);
			defaultConfigurationIsVisible = 0;
			defaultConfigurationName = Release;
		};
		9E64CE371EDBF9DE00A41B3E /* Build configuration list for PBXNativeTarget "testJSON" */ = {
			isa = XCConfigurationList;
			buildConfigurations = (
				9E64CE381EDBF9DE00A41B3E /* Debug */,
				9E64CE391EDBF9DE00A41B3E /* Release */,
			);
			defaultConfigurationIsVisible = 0;
		};
/* End XCConfigurationList section */
	};
	rootObject = 9E64CE1D1EDBF9DE00A41B3E /* Project object */;
}
