// !$*UTF8*$!
{
	archiveVersion = 1;
	classes = {
	};
	objectVersion = 46;
	objects = {

/* Begin PBXBuildFile section */
		609EDF77A03F79C0BFAAEE1C /* Pods_RxSwiftTest.framework in Frameworks */ = {isa = PBXBuildFile; fileRef = CE5242088B1E2DBD4D4F4373 /* Pods_RxSwiftTest.framework */; };
		9E6AD2741EDE9A2C0085ED62 /* AppDelegate.swift in Sources */ = {isa = PBXBuildFile; fileRef = 9E6AD2731EDE9A2C0085ED62 /* AppDelegate.swift */; };
		9E6AD2761EDE9A2C0085ED62 /* ViewController.swift in Sources */ = {isa = PBXBuildFile; fileRef = 9E6AD2751EDE9A2C0085ED62 /* ViewController.swift */; };
		9E6AD2791EDE9A2C0085ED62 /* Main.storyboard in Resources */ = {isa = PBXBuildFile; fileRef = 9E6AD2771EDE9A2C0085ED62 /* Main.storyboard */; };
		9E6AD27B1EDE9A2C0085ED62 /* Assets.xcassets in Resources */ = {isa = PBXBuildFile; fileRef = 9E6AD27A1EDE9A2C0085ED62 /* Assets.xcassets */; };
		9E6AD27E1EDE9A2C0085ED62 /* LaunchScreen.storyboard in Resources */ = {isa = PBXBuildFile; fileRef = 9E6AD27C1EDE9A2C0085ED62 /* LaunchScreen.storyboard */; };
/* End PBXBuildFile section */

/* Begin PBXFileReference section */
		1D7A5E551C90E4F7D988A504 /* Pods-RxSwiftTest.release.xcconfig */ = {isa = PBXFileReference; includeInIndex = 1; lastKnownFileType = text.xcconfig; name = "Pods-RxSwiftTest.release.xcconfig"; path = "Pods/Target Support Files/Pods-RxSwiftTest/Pods-RxSwiftTest.release.xcconfig"; sourceTree = "<group>"; };
		497E997301BC34FBC354067D /* Pods-RxSwiftTest.debug.xcconfig */ = {isa = PBXFileReference; includeInIndex = 1; lastKnownFileType = text.xcconfig; name = "Pods-RxSwiftTest.debug.xcconfig"; path = "Pods/Target Support Files/Pods-RxSwiftTest/Pods-RxSwiftTest.debug.xcconfig"; sourceTree = "<group>"; };
		9E6AD2701EDE9A2C0085ED62 /* RxSwiftTest.app */ = {isa = PBXFileReference; explicitFileType = wrapper.application; includeInIndex = 0; path = RxSwiftTest.app; sourceTree = BUILT_PRODUCTS_DIR; };
		9E6AD2731EDE9A2C0085ED62 /* AppDelegate.swift */ = {isa = PBXFileReference; lastKnownFileType = sourcecode.swift; path = AppDelegate.swift; sourceTree = "<group>"; };
		9E6AD2751EDE9A2C0085ED62 /* ViewController.swift */ = {isa = PBXFileReference; lastKnownFileType = sourcecode.swift; path = ViewController.swift; sourceTree = "<group>"; };
		9E6AD2781EDE9A2C0085ED62 /* Base */ = {isa = PBXFileReference; lastKnownFileType = file.storyboard; name = Base; path = Base.lproj/Main.storyboard; sourceTree = "<group>"; };
		9E6AD27A1EDE9A2C0085ED62 /* Assets.xcassets */ = {isa = PBXFileReference; lastKnownFileType = folder.assetcatalog; path = Assets.xcassets; sourceTree = "<group>"; };
		9E6AD27D1EDE9A2C0085ED62 /* Base */ = {isa = PBXFileReference; lastKnownFileType = file.storyboard; name = Base; path = Base.lproj/LaunchScreen.storyboard; sourceTree = "<group>"; };
		9E6AD27F1EDE9A2C0085ED62 /* Info.plist */ = {isa = PBXFileReference; lastKnownFileType = text.plist.xml; path = Info.plist; sourceTree = "<group>"; };
		9E6AD2851EDE9BB70085ED62 /* RxSwiftTestPlayground.playground */ = {isa = PBXFileReference; lastKnownFileType = file.playground; path = RxSwiftTestPlayground.playground; sourceTree = "<group>"; };
		CE5242088B1E2DBD4D4F4373 /* Pods_RxSwiftTest.framework */ = {isa = PBXFileReference; explicitFileType = wrapper.framework; includeInIndex = 0; path = Pods_RxSwiftTest.framework; sourceTree = BUILT_PRODUCTS_DIR; };
/* End PBXFileReference section */

/* Begin PBXFrameworksBuildPhase section */
		9E6AD26D1EDE9A2C0085ED62 /* Frameworks */ = {
			isa = PBXFrameworksBuildPhase;
			buildActionMask = 2147483647;
			files = (
				609EDF77A03F79C0BFAAEE1C /* Pods_RxSwiftTest.framework in Frameworks */,
			);
			runOnlyForDeploymentPostprocessing = 0;
		};
/* End PBXFrameworksBuildPhase section */

/* Begin PBXGroup section */
		1153AA2E1BA8393E9147BEC2 /* Frameworks */ = {
			isa = PBXGroup;
			children = (
				CE5242088B1E2DBD4D4F4373 /* Pods_RxSwiftTest.framework */,
			);
			name = Frameworks;
			sourceTree = "<group>";
		};
		9E6AD2671EDE9A2C0085ED62 = {
			isa = PBXGroup;
			children = (
				9E6AD2851EDE9BB70085ED62 /* RxSwiftTestPlayground.playground */,
				9E6AD2721EDE9A2C0085ED62 /* RxSwiftTest */,
				9E6AD2711EDE9A2C0085ED62 /* Products */,
				D655B8C879682E4C3C60CFF3 /* Pods */,
				1153AA2E1BA8393E9147BEC2 /* Frameworks */,
			);
			sourceTree = "<group>";
		};
		9E6AD2711EDE9A2C0085ED62 /* Products */ = {
			isa = PBXGroup;
			children = (
				9E6AD2701EDE9A2C0085ED62 /* RxSwiftTest.app */,
			);
			name = Products;
			sourceTree = "<group>";
		};
		9E6AD2721EDE9A2C0085ED62 /* RxSwiftTest */ = {
			isa = PBXGroup;
			children = (
				9E6AD2731EDE9A2C0085ED62 /* AppDelegate.swift */,
				9E6AD2751EDE9A2C0085ED62 /* ViewController.swift */,
				9E6AD2771EDE9A2C0085ED62 /* Main.storyboard */,
				9E6AD27A1EDE9A2C0085ED62 /* Assets.xcassets */,
				9E6AD27C1EDE9A2C0085ED62 /* LaunchScreen.storyboard */,
				9E6AD27F1EDE9A2C0085ED62 /* Info.plist */,
			);
			path = RxSwiftTest;
			sourceTree = "<group>";
		};
		D655B8C879682E4C3C60CFF3 /* Pods */ = {
			isa = PBXGroup;
			children = (
				497E997301BC34FBC354067D /* Pods-RxSwiftTest.debug.xcconfig */,
				1D7A5E551C90E4F7D988A504 /* Pods-RxSwiftTest.release.xcconfig */,
			);
			name = Pods;
			sourceTree = "<group>";
		};
/* End PBXGroup section */

/* Begin PBXNativeTarget section */
		9E6AD26F1EDE9A2C0085ED62 /* RxSwiftTest */ = {
			isa = PBXNativeTarget;
			buildConfigurationList = 9E6AD2821EDE9A2C0085ED62 /* Build configuration list for PBXNativeTarget "RxSwiftTest" */;
			buildPhases = (
				AE949603813660AF93479DEF /* [CP] Check Pods Manifest.lock */,
				9E6AD26C1EDE9A2C0085ED62 /* Sources */,
				9E6AD26D1EDE9A2C0085ED62 /* Frameworks */,
				9E6AD26E1EDE9A2C0085ED62 /* Resources */,
				13CFB147C4A4F5DC69CE8D86 /* [CP] Embed Pods Frameworks */,
				A00B0984A7DEF78DD97E5937 /* [CP] Copy Pods Resources */,
			);
			buildRules = (
			);
			dependencies = (
			);
			name = RxSwiftTest;
			productName = RxSwiftTest;
			productReference = 9E6AD2701EDE9A2C0085ED62 /* RxSwiftTest.app */;
			productType = "com.apple.product-type.application";
		};
/* End PBXNativeTarget section */

/* Begin PBXProject section */
		9E6AD2681EDE9A2C0085ED62 /* Project object */ = {
			isa = PBXProject;
			attributes = {
				LastSwiftUpdateCheck = 0830;
				LastUpgradeCheck = 0830;
				ORGANIZATIONNAME = YuraPetrov;
				TargetAttributes = {
					9E6AD26F1EDE9A2C0085ED62 = {
						CreatedOnToolsVersion = 8.3;
						ProvisioningStyle = Automatic;
					};
				};
			};
			buildConfigurationList = 9E6AD26B1EDE9A2C0085ED62 /* Build configuration list for PBXProject "RxSwiftTest" */;
			compatibilityVersion = "Xcode 3.2";
			developmentRegion = English;
			hasScannedForEncodings = 0;
			knownRegions = (
				en,
				Base,
			);
			mainGroup = 9E6AD2671EDE9A2C0085ED62;
			productRefGroup = 9E6AD2711EDE9A2C0085ED62 /* Products */;
			projectDirPath = "";
			projectRoot = "";
			targets = (
				9E6AD26F1EDE9A2C0085ED62 /* RxSwiftTest */,
			);
		};
/* End PBXProject section */

/* Begin PBXResourcesBuildPhase section */
		9E6AD26E1EDE9A2C0085ED62 /* Resources */ = {
			isa = PBXResourcesBuildPhase;
			buildActionMask = 2147483647;
			files = (
				9E6AD27E1EDE9A2C0085ED62 /* LaunchScreen.storyboard in Resources */,
				9E6AD27B1EDE9A2C0085ED62 /* Assets.xcassets in Resources */,
				9E6AD2791EDE9A2C0085ED62 /* Main.storyboard in Resources */,
			);
			runOnlyForDeploymentPostprocessing = 0;
		};
/* End PBXResourcesBuildPhase section */

/* Begin PBXShellScriptBuildPhase section */
		13CFB147C4A4F5DC69CE8D86 /* [CP] Embed Pods Frameworks */ = {
			isa = PBXShellScriptBuildPhase;
			buildActionMask = 2147483647;
			files = (
			);
			inputPaths = (
			);
			name = "[CP] Embed Pods Frameworks";
			outputPaths = (
			);
			runOnlyForDeploymentPostprocessing = 0;
			shellPath = /bin/sh;
			shellScript = "\"${SRCROOT}/Pods/Target Support Files/Pods-RxSwiftTest/Pods-RxSwiftTest-frameworks.sh\"\n";
			showEnvVarsInLog = 0;
		};
		A00B0984A7DEF78DD97E5937 /* [CP] Copy Pods Resources */ = {
			isa = PBXShellScriptBuildPhase;
			buildActionMask = 2147483647;
			files = (
			);
			inputPaths = (
			);
			name = "[CP] Copy Pods Resources";
			outputPaths = (
			);
			runOnlyForDeploymentPostprocessing = 0;
			shellPath = /bin/sh;
			shellScript = "\"${SRCROOT}/Pods/Target Support Files/Pods-RxSwiftTest/Pods-RxSwiftTest-resources.sh\"\n";
			showEnvVarsInLog = 0;
		};
		AE949603813660AF93479DEF /* [CP] Check Pods Manifest.lock */ = {
			isa = PBXShellScriptBuildPhase;
			buildActionMask = 2147483647;
			files = (
			);
			inputPaths = (
			);
			name = "[CP] Check Pods Manifest.lock";
			outputPaths = (
			);
			runOnlyForDeploymentPostprocessing = 0;
			shellPath = /bin/sh;
			shellScript = "diff \"${PODS_ROOT}/../Podfile.lock\" \"${PODS_ROOT}/Manifest.lock\" > /dev/null\nif [ $? != 0 ] ; then\n    # print error to STDERR\n    echo \"error: The sandbox is not in sync with the Podfile.lock. Run 'pod install' or update your CocoaPods installation.\" >&2\n    exit 1\nfi\n";
			showEnvVarsInLog = 0;
		};
/* End PBXShellScriptBuildPhase section */

/* Begin PBXSourcesBuildPhase section */
		9E6AD26C1EDE9A2C0085ED62 /* Sources */ = {
			isa = PBXSourcesBuildPhase;
			buildActionMask = 2147483647;
			files = (
				9E6AD2761EDE9A2C0085ED62 /* ViewController.swift in Sources */,
				9E6AD2741EDE9A2C0085ED62 /* AppDelegate.swift in Sources */,
			);
			runOnlyForDeploymentPostprocessing = 0;
		};
/* End PBXSourcesBuildPhase section */

/* Begin PBXVariantGroup section */
		9E6AD2771EDE9A2C0085ED62 /* Main.storyboard */ = {
			isa = PBXVariantGroup;
			children = (
				9E6AD2781EDE9A2C0085ED62 /* Base */,
			);
			name = Main.storyboard;
			sourceTree = "<group>";
		};
		9E6AD27C1EDE9A2C0085ED62 /* LaunchScreen.storyboard */ = {
			isa = PBXVariantGroup;
			children = (
				9E6AD27D1EDE9A2C0085ED62 /* Base */,
			);
			name = LaunchScreen.storyboard;
			sourceTree = "<group>";
		};
/* End PBXVariantGroup section */

/* Begin XCBuildConfiguration section */
		9E6AD2801EDE9A2C0085ED62 /* Debug */ = {
			isa = XCBuildConfiguration;
			buildSettings = {
				ALWAYS_SEARCH_USER_PATHS = NO;
				CLANG_ANALYZER_NONNULL = YES;
				CLANG_ANALYZER_NUMBER_OBJECT_CONVERSION = YES_AGGRESSIVE;
				CLANG_CXX_LANGUAGE_STANDARD = "gnu++0x";
				CLANG_CXX_LIBRARY = "libc++";
				CLANG_ENABLE_MODULES = YES;
				CLANG_ENABLE_OBJC_ARC = YES;
				CLANG_WARN_BOOL_CONVERSION = YES;
				CLANG_WARN_CONSTANT_CONVERSION = YES;
				CLANG_WARN_DIRECT_OBJC_ISA_USAGE = YES_ERROR;
				CLANG_WARN_DOCUMENTATION_COMMENTS = YES;
				CLANG_WARN_EMPTY_BODY = YES;
				CLANG_WARN_ENUM_CONVERSION = YES;
				CLANG_WARN_INFINITE_RECURSION = YES;
				CLANG_WARN_INT_CONVERSION = YES;
				CLANG_WARN_OBJC_ROOT_CLASS = YES_ERROR;
				CLANG_WARN_SUSPICIOUS_MOVE = YES;
				CLANG_WARN_UNREACHABLE_CODE = YES;
				CLANG_WARN__DUPLICATE_METHOD_MATCH = YES;
				"CODE_SIGN_IDENTITY[sdk=iphoneos*]" = "iPhone Developer";
				COPY_PHASE_STRIP = NO;
				DEBUG_INFORMATION_FORMAT = dwarf;
				ENABLE_STRICT_OBJC_MSGSEND = YES;
				ENABLE_TESTABILITY = YES;
				GCC_C_LANGUAGE_STANDARD = gnu99;
				GCC_DYNAMIC_NO_PIC = NO;
				GCC_NO_COMMON_BLOCKS = YES;
				GCC_OPTIMIZATION_LEVEL = 0;
				GCC_PREPROCESSOR_DEFINITIONS = (
					"DEBUG=1",
					"$(inherited)",
				);
				GCC_WARN_64_TO_32_BIT_CONVERSION = YES;
				GCC_WARN_ABOUT_RETURN_TYPE = YES_ERROR;
				GCC_WARN_UNDECLARED_SELECTOR = YES;
				GCC_WARN_UNINITIALIZED_AUTOS = YES_AGGRESSIVE;
				GCC_WARN_UNUSED_FUNCTION = YES;
				GCC_WARN_UNUSED_VARIABLE = YES;
				IPHONEOS_DEPLOYMENT_TARGET = 10.3;
				MTL_ENABLE_DEBUG_INFO = YES;
				ONLY_ACTIVE_ARCH = YES;
				SDKROOT = iphoneos;
				SWIFT_ACTIVE_COMPILATION_CONDITIONS = DEBUG;
				SWIFT_OPTIMIZATION_LEVEL = "-Onone";
			};
			name = Debug;
		};
		9E6AD2811EDE9A2C0085ED62 /* Release */ = {
			isa = XCBuildConfiguration;
			buildSettings = {
				ALWAYS_SEARCH_USER_PATHS = NO;
				CLANG_ANALYZER_NONNULL = YES;
				CLANG_ANALYZER_NUMBER_OBJECT_CONVERSION = YES_AGGRESSIVE;
				CLANG_CXX_LANGUAGE_STANDARD = "gnu++0x";
				CLANG_CXX_LIBRARY = "libc++";
				CLANG_ENABLE_MODULES = YES;
				CLANG_ENABLE_OBJC_ARC = YES;
				CLANG_WARN_BOOL_CONVERSION = YES;
				CLANG_WARN_CONSTANT_CONVERSION = YES;
				CLANG_WARN_DIRECT_OBJC_ISA_USAGE = YES_ERROR;
				CLANG_WARN_DOCUMENTATION_COMMENTS = YES;
				CLANG_WARN_EMPTY_BODY = YES;
				CLANG_WARN_ENUM_CONVERSION = YES;
				CLANG_WARN_INFINITE_RECURSION = YES;
				CLANG_WARN_INT_CONVERSION = YES;
				CLANG_WARN_OBJC_ROOT_CLASS = YES_ERROR;
				CLANG_WARN_SUSPICIOUS_MOVE = YES;
				CLANG_WARN_UNREACHABLE_CODE = YES;
				CLANG_WARN__DUPLICATE_METHOD_MATCH = YES;
				"CODE_SIGN_IDENTITY[sdk=iphoneos*]" = "iPhone Developer";
				COPY_PHASE_STRIP = NO;
				DEBUG_INFORMATION_FORMAT = "dwarf-with-dsym";
				ENABLE_NS_ASSERTIONS = NO;
				ENABLE_STRICT_OBJC_MSGSEND = YES;
				GCC_C_LANGUAGE_STANDARD = gnu99;
				GCC_NO_COMMON_BLOCKS = YES;
				GCC_WARN_64_TO_32_BIT_CONVERSION = YES;
				GCC_WARN_ABOUT_RETURN_TYPE = YES_ERROR;
				GCC_WARN_UNDECLARED_SELECTOR = YES;
				GCC_WARN_UNINITIALIZED_AUTOS = YES_AGGRESSIVE;
				GCC_WARN_UNUSED_FUNCTION = YES;
				GCC_WARN_UNUSED_VARIABLE = YES;
				IPHONEOS_DEPLOYMENT_TARGET = 10.3;
				MTL_ENABLE_DEBUG_INFO = NO;
				SDKROOT = iphoneos;
				SWIFT_OPTIMIZATION_LEVEL = "-Owholemodule";
				VALIDATE_PRODUCT = YES;
			};
			name = Release;
		};
		9E6AD2831EDE9A2C0085ED62 /* Debug */ = {
			isa = XCBuildConfiguration;
			baseConfigurationReference = 497E997301BC34FBC354067D /* Pods-RxSwiftTest.debug.xcconfig */;
			buildSettings = {
				ASSETCATALOG_COMPILER_APPICON_NAME = AppIcon;
				INFOPLIST_FILE = RxSwiftTest/Info.plist;
				LD_RUNPATH_SEARCH_PATHS = "$(inherited) @executable_path/Frameworks";
				PRODUCT_BUNDLE_IDENTIFIER = mbt.RxSwiftTest;
				PRODUCT_NAME = "$(TARGET_NAME)";
				SWIFT_VERSION = 3.0;
			};
			name = Debug;
		};
		9E6AD2841EDE9A2C0085ED62 /* Release */ = {
			isa = XCBuildConfiguration;
			baseConfigurationReference = 1D7A5E551C90E4F7D988A504 /* Pods-RxSwiftTest.release.xcconfig */;
			buildSettings = {
				ASSETCATALOG_COMPILER_APPICON_NAME = AppIcon;
				INFOPLIST_FILE = RxSwiftTest/Info.plist;
				LD_RUNPATH_SEARCH_PATHS = "$(inherited) @executable_path/Frameworks";
				PRODUCT_BUNDLE_IDENTIFIER = mbt.RxSwiftTest;
				PRODUCT_NAME = "$(TARGET_NAME)";
				SWIFT_VERSION = 3.0;
			};
			name = Release;
		};
/* End XCBuildConfiguration section */

/* Begin XCConfigurationList section */
		9E6AD26B1EDE9A2C0085ED62 /* Build configuration list for PBXProject "RxSwiftTest" */ = {
			isa = XCConfigurationList;
			buildConfigurations = (
				9E6AD2801EDE9A2C0085ED62 /* Debug */,
				9E6AD2811EDE9A2C0085ED62 /* Release */,
			);
			defaultConfigurationIsVisible = 0;
			defaultConfigurationName = Release;
		};
		9E6AD2821EDE9A2C0085ED62 /* Build configuration list for PBXNativeTarget "RxSwiftTest" */ = {
			isa = XCConfigurationList;
			buildConfigurations = (
				9E6AD2831EDE9A2C0085ED62 /* Debug */,
				9E6AD2841EDE9A2C0085ED62 /* Release */,
			);
			defaultConfigurationIsVisible = 0;
			defaultConfigurationName = Release;
		};
/* End XCConfigurationList section */
	};
	rootObject = 9E6AD2681EDE9A2C0085ED62 /* Project object */;
}
