// !$*UTF8*$!
{
	archiveVersion = 1;
	classes = {
	};
	objectVersion = 46;
	objects = {

/* Begin PBXBuildFile section */
		9EDC82EC1ECB1A760062CBEF /* AppDelegate.swift in Sources */ = {isa = PBXBuildFile; fileRef = 9EDC82EB1ECB1A760062CBEF /* AppDelegate.swift */; };
		9EDC82EE1ECB1A760062CBEF /* ViewController.swift in Sources */ = {isa = PBXBuildFile; fileRef = 9EDC82ED1ECB1A760062CBEF /* ViewController.swift */; };
		9EDC82F11ECB1A760062CBEF /* Main.storyboard in Resources */ = {isa = PBXBuildFile; fileRef = 9EDC82EF1ECB1A760062CBEF /* Main.storyboard */; };
		9EDC82F31ECB1A760062CBEF /* Assets.xcassets in Resources */ = {isa = PBXBuildFile; fileRef = 9EDC82F21ECB1A760062CBEF /* Assets.xcassets */; };
		9EDC82F61ECB1A760062CBEF /* LaunchScreen.storyboard in Resources */ = {isa = PBXBuildFile; fileRef = 9EDC82F41ECB1A760062CBEF /* LaunchScreen.storyboard */; };
/* End PBXBuildFile section */

/* Begin PBXFileReference section */
		9EDC82E81ECB1A760062CBEF /* testDropdown.app */ = {isa = PBXFileReference; explicitFileType = wrapper.application; includeInIndex = 0; path = testDropdown.app; sourceTree = BUILT_PRODUCTS_DIR; };
		9EDC82EB1ECB1A760062CBEF /* AppDelegate.swift */ = {isa = PBXFileReference; lastKnownFileType = sourcecode.swift; path = AppDelegate.swift; sourceTree = "<group>"; };
		9EDC82ED1ECB1A760062CBEF /* ViewController.swift */ = {isa = PBXFileReference; lastKnownFileType = sourcecode.swift; path = ViewController.swift; sourceTree = "<group>"; };
		9EDC82F01ECB1A760062CBEF /* Base */ = {isa = PBXFileReference; lastKnownFileType = file.storyboard; name = Base; path = Base.lproj/Main.storyboard; sourceTree = "<group>"; };
		9EDC82F21ECB1A760062CBEF /* Assets.xcassets */ = {isa = PBXFileReference; lastKnownFileType = folder.assetcatalog; path = Assets.xcassets; sourceTree = "<group>"; };
		9EDC82F51ECB1A760062CBEF /* Base */ = {isa = PBXFileReference; lastKnownFileType = file.storyboard; name = Base; path = Base.lproj/LaunchScreen.storyboard; sourceTree = "<group>"; };
		9EDC82F71ECB1A760062CBEF /* Info.plist */ = {isa = PBXFileReference; lastKnownFileType = text.plist.xml; path = Info.plist; sourceTree = "<group>"; };
/* End PBXFileReference section */

/* Begin PBXFrameworksBuildPhase section */
		9EDC82E51ECB1A760062CBEF /* Frameworks */ = {
			isa = PBXFrameworksBuildPhase;
			buildActionMask = 2147483647;
			files = (
			);
			runOnlyForDeploymentPostprocessing = 0;
		};
/* End PBXFrameworksBuildPhase section */

/* Begin PBXGroup section */
		9EDC82DF1ECB1A760062CBEF = {
			isa = PBXGroup;
			children = (
				9EDC82EA1ECB1A760062CBEF /* testDropdown */,
				9EDC82E91ECB1A760062CBEF /* Products */,
			);
			sourceTree = "<group>";
		};
		9EDC82E91ECB1A760062CBEF /* Products */ = {
			isa = PBXGroup;
			children = (
				9EDC82E81ECB1A760062CBEF /* testDropdown.app */,
			);
			name = Products;
			sourceTree = "<group>";
		};
		9EDC82EA1ECB1A760062CBEF /* testDropdown */ = {
			isa = PBXGroup;
			children = (
				9EDC82EB1ECB1A760062CBEF /* AppDelegate.swift */,
				9EDC82ED1ECB1A760062CBEF /* ViewController.swift */,
				9EDC82EF1ECB1A760062CBEF /* Main.storyboard */,
				9EDC82F21ECB1A760062CBEF /* Assets.xcassets */,
				9EDC82F41ECB1A760062CBEF /* LaunchScreen.storyboard */,
				9EDC82F71ECB1A760062CBEF /* Info.plist */,
			);
			path = testDropdown;
			sourceTree = "<group>";
		};
/* End PBXGroup section */

/* Begin PBXNativeTarget section */
		9EDC82E71ECB1A760062CBEF /* testDropdown */ = {
			isa = PBXNativeTarget;
			buildConfigurationList = 9EDC82FA1ECB1A760062CBEF /* Build configuration list for PBXNativeTarget "testDropdown" */;
			buildPhases = (
				9EDC82E41ECB1A760062CBEF /* Sources */,
				9EDC82E51ECB1A760062CBEF /* Frameworks */,
				9EDC82E61ECB1A760062CBEF /* Resources */,
			);
			buildRules = (
			);
			dependencies = (
			);
			name = testDropdown;
			productName = testDropdown;
			productReference = 9EDC82E81ECB1A760062CBEF /* testDropdown.app */;
			productType = "com.apple.product-type.application";
		};
/* End PBXNativeTarget section */

/* Begin PBXProject section */
		9EDC82E01ECB1A760062CBEF /* Project object */ = {
			isa = PBXProject;
			attributes = {
				LastSwiftUpdateCheck = 0830;
				LastUpgradeCheck = 0830;
				ORGANIZATIONNAME = YuraPetrov;
				TargetAttributes = {
					9EDC82E71ECB1A760062CBEF = {
						CreatedOnToolsVersion = 8.3;
						ProvisioningStyle = Automatic;
					};
				};
			};
			buildConfigurationList = 9EDC82E31ECB1A760062CBEF /* Build configuration list for PBXProject "testDropdown" */;
			compatibilityVersion = "Xcode 3.2";
			developmentRegion = English;
			hasScannedForEncodings = 0;
			knownRegions = (
				en,
				Base,
			);
			mainGroup = 9EDC82DF1ECB1A760062CBEF;
			productRefGroup = 9EDC82E91ECB1A760062CBEF /* Products */;
			projectDirPath = "";
			projectRoot = "";
			targets = (
				9EDC82E71ECB1A760062CBEF /* testDropdown */,
			);
		};
/* End PBXProject section */

/* Begin PBXResourcesBuildPhase section */
		9EDC82E61ECB1A760062CBEF /* Resources */ = {
			isa = PBXResourcesBuildPhase;
			buildActionMask = 2147483647;
			files = (
				9EDC82F61ECB1A760062CBEF /* LaunchScreen.storyboard in Resources */,
				9EDC82F31ECB1A760062CBEF /* Assets.xcassets in Resources */,
				9EDC82F11ECB1A760062CBEF /* Main.storyboard in Resources */,
			);
			runOnlyForDeploymentPostprocessing = 0;
		};
/* End PBXResourcesBuildPhase section */

/* Begin PBXSourcesBuildPhase section */
		9EDC82E41ECB1A760062CBEF /* Sources */ = {
			isa = PBXSourcesBuildPhase;
			buildActionMask = 2147483647;
			files = (
				9EDC82EE1ECB1A760062CBEF /* ViewController.swift in Sources */,
				9EDC82EC1ECB1A760062CBEF /* AppDelegate.swift in Sources */,
			);
			runOnlyForDeploymentPostprocessing = 0;
		};
/* End PBXSourcesBuildPhase section */

/* Begin PBXVariantGroup section */
		9EDC82EF1ECB1A760062CBEF /* Main.storyboard */ = {
			isa = PBXVariantGroup;
			children = (
				9EDC82F01ECB1A760062CBEF /* Base */,
			);
			name = Main.storyboard;
			sourceTree = "<group>";
		};
		9EDC82F41ECB1A760062CBEF /* LaunchScreen.storyboard */ = {
			isa = PBXVariantGroup;
			children = (
				9EDC82F51ECB1A760062CBEF /* Base */,
			);
			name = LaunchScreen.storyboard;
			sourceTree = "<group>";
		};
/* End PBXVariantGroup section */

/* Begin XCBuildConfiguration section */
		9EDC82F81ECB1A760062CBEF /* Debug */ = {
			isa = XCBuildConfiguration;
			buildSettings = {
				ALWAYS_SEARCH_USER_PATHS = NO;
				CLANG_ANALYZER_NONNULL = YES;
				CLANG_ANALYZER_NUMBER_OBJECT_CONVERSION = YES_AGGRESSIVE;
				CLANG_CXX_LANGUAGE_STANDARD = "gnu++0x";
				CLANG_CXX_LIBRARY = "libc++";
				CLANG_ENABLE_MODULES = YES;
				CLANG_ENABLE_OBJC_ARC = YES;
				CLANG_WARN_BOOL_CONVERSION = YES;
				CLANG_WARN_CONSTANT_CONVERSION = YES;
				CLANG_WARN_DIRECT_OBJC_ISA_USAGE = YES_ERROR;
				CLANG_WARN_DOCUMENTATION_COMMENTS = YES;
				CLANG_WARN_EMPTY_BODY = YES;
				CLANG_WARN_ENUM_CONVERSION = YES;
				CLANG_WARN_INFINITE_RECURSION = YES;
				CLANG_WARN_INT_CONVERSION = YES;
				CLANG_WARN_OBJC_ROOT_CLASS = YES_ERROR;
				CLANG_WARN_SUSPICIOUS_MOVE = YES;
				CLANG_WARN_UNREACHABLE_CODE = YES;
				CLANG_WARN__DUPLICATE_METHOD_MATCH = YES;
				"CODE_SIGN_IDENTITY[sdk=iphoneos*]" = "iPhone Developer";
				COPY_PHASE_STRIP = NO;
				DEBUG_INFORMATION_FORMAT = dwarf;
				ENABLE_STRICT_OBJC_MSGSEND = YES;
				ENABLE_TESTABILITY = YES;
				GCC_C_LANGUAGE_STANDARD = gnu99;
				GCC_DYNAMIC_NO_PIC = NO;
				GCC_NO_COMMON_BLOCKS = YES;
				GCC_OPTIMIZATION_LEVEL = 0;
				GCC_PREPROCESSOR_DEFINITIONS = (
					"DEBUG=1",
					"$(inherited)",
				);
				GCC_WARN_64_TO_32_BIT_CONVERSION = YES;
				GCC_WARN_ABOUT_RETURN_TYPE = YES_ERROR;
				GCC_WARN_UNDECLARED_SELECTOR = YES;
				GCC_WARN_UNINITIALIZED_AUTOS = YES_AGGRESSIVE;
				GCC_WARN_UNUSED_FUNCTION = YES;
				GCC_WARN_UNUSED_VARIABLE = YES;
				IPHONEOS_DEPLOYMENT_TARGET = 10.3;
				MTL_ENABLE_DEBUG_INFO = YES;
				ONLY_ACTIVE_ARCH = YES;
				SDKROOT = iphoneos;
				SWIFT_ACTIVE_COMPILATION_CONDITIONS = DEBUG;
				SWIFT_OPTIMIZATION_LEVEL = "-Onone";
				TARGETED_DEVICE_FAMILY = "1,2";
			};
			name = Debug;
		};
		9EDC82F91ECB1A760062CBEF /* Release */ = {
			isa = XCBuildConfiguration;
			buildSettings = {
				ALWAYS_SEARCH_USER_PATHS = NO;
				CLANG_ANALYZER_NONNULL = YES;
				CLANG_ANALYZER_NUMBER_OBJECT_CONVERSION = YES_AGGRESSIVE;
				CLANG_CXX_LANGUAGE_STANDARD = "gnu++0x";
				CLANG_CXX_LIBRARY = "libc++";
				CLANG_ENABLE_MODULES = YES;
				CLANG_ENABLE_OBJC_ARC = YES;
				CLANG_WARN_BOOL_CONVERSION = YES;
				CLANG_WARN_CONSTANT_CONVERSION = YES;
				CLANG_WARN_DIRECT_OBJC_ISA_USAGE = YES_ERROR;
				CLANG_WARN_DOCUMENTATION_COMMENTS = YES;
				CLANG_WARN_EMPTY_BODY = YES;
				CLANG_WARN_ENUM_CONVERSION = YES;
				CLANG_WARN_INFINITE_RECURSION = YES;
				CLANG_WARN_INT_CONVERSION = YES;
				CLANG_WARN_OBJC_ROOT_CLASS = YES_ERROR;
				CLANG_WARN_SUSPICIOUS_MOVE = YES;
				CLANG_WARN_UNREACHABLE_CODE = YES;
				CLANG_WARN__DUPLICATE_METHOD_MATCH = YES;
				"CODE_SIGN_IDENTITY[sdk=iphoneos*]" = "iPhone Developer";
				COPY_PHASE_STRIP = NO;
				DEBUG_INFORMATION_FORMAT = "dwarf-with-dsym";
				ENABLE_NS_ASSERTIONS = NO;
				ENABLE_STRICT_OBJC_MSGSEND = YES;
				GCC_C_LANGUAGE_STANDARD = gnu99;
				GCC_NO_COMMON_BLOCKS = YES;
				GCC_WARN_64_TO_32_BIT_CONVERSION = YES;
				GCC_WARN_ABOUT_RETURN_TYPE = YES_ERROR;
				GCC_WARN_UNDECLARED_SELECTOR = YES;
				GCC_WARN_UNINITIALIZED_AUTOS = YES_AGGRESSIVE;
				GCC_WARN_UNUSED_FUNCTION = YES;
				GCC_WARN_UNUSED_VARIABLE = YES;
				IPHONEOS_DEPLOYMENT_TARGET = 10.3;
				MTL_ENABLE_DEBUG_INFO = NO;
				SDKROOT = iphoneos;
				SWIFT_OPTIMIZATION_LEVEL = "-Owholemodule";
				TARGETED_DEVICE_FAMILY = "1,2";
				VALIDATE_PRODUCT = YES;
			};
			name = Release;
		};
		9EDC82FB1ECB1A760062CBEF /* Debug */ = {
			isa = XCBuildConfiguration;
			buildSettings = {
				ASSETCATALOG_COMPILER_APPICON_NAME = AppIcon;
				INFOPLIST_FILE = testDropdown/Info.plist;
				LD_RUNPATH_SEARCH_PATHS = "$(inherited) @executable_path/Frameworks";
				PRODUCT_BUNDLE_IDENTIFIER = mbt.testDropdown;
				PRODUCT_NAME = "$(TARGET_NAME)";
				SWIFT_VERSION = 3.0;
			};
			name = Debug;
		};
		9EDC82FC1ECB1A760062CBEF /* Release */ = {
			isa = XCBuildConfiguration;
			buildSettings = {
				ASSETCATALOG_COMPILER_APPICON_NAME = AppIcon;
				INFOPLIST_FILE = testDropdown/Info.plist;
				LD_RUNPATH_SEARCH_PATHS = "$(inherited) @executable_path/Frameworks";
				PRODUCT_BUNDLE_IDENTIFIER = mbt.testDropdown;
				PRODUCT_NAME = "$(TARGET_NAME)";
				SWIFT_VERSION = 3.0;
			};
			name = Release;
		};
/* End XCBuildConfiguration section */

/* Begin XCConfigurationList section */
		9EDC82E31ECB1A760062CBEF /* Build configuration list for PBXProject "testDropdown" */ = {
			isa = XCConfigurationList;
			buildConfigurations = (
				9EDC82F81ECB1A760062CBEF /* Debug */,
				9EDC82F91ECB1A760062CBEF /* Release */,
			);
			defaultConfigurationIsVisible = 0;
			defaultConfigurationName = Release;
		};
		9EDC82FA1ECB1A760062CBEF /* Build configuration list for PBXNativeTarget "testDropdown" */ = {
			isa = XCConfigurationList;
			buildConfigurations = (
				9EDC82FB1ECB1A760062CBEF /* Debug */,
				9EDC82FC1ECB1A760062CBEF /* Release */,
			);
			defaultConfigurationIsVisible = 0;
		};
/* End XCConfigurationList section */
	};
	rootObject = 9EDC82E01ECB1A760062CBEF /* Project object */;
}
